{
    "name": "examples-utils-node",
    "lockfileVersion": 3,
    "requires": true,
    "packages": {
        "": {
            "name": "examples-utils-node",
            "dependencies": {
                "@minvws/mgo-utils": "^0.1.1-1"
            }
        },
        "node_modules/@minvws/mgo-utils": {
            "version": "0.1.1-1",
            "resolved": "https://npm.pkg.github.com/download/@minvws/mgo-utils/0.1.1-1/8071717dbb84574c76f97c894736e5e5a310b9b8",
            "integrity": "sha512-iimUKhw0+C+QqYN6mTizfa4/auVJ5SRJAZyx/bo2tKhpRwA8RPurJ6HFh6Dnq9upM3ctUDE5/88CzzWuTSi2dw==",
            "license": "EUPL-1.2",
            "dependencies": {
                "lodash-es": "^4.17.21",
                "lossless-json": "^4.0.1"
            }
        },
        "node_modules/lodash-es": {
            "version": "4.17.21",
            "resolved": "https://registry.npmjs.org/lodash-es/-/lodash-es-4.17.21.tgz",
            "integrity": "sha512-mKnC+QJ9pWVzv+C4/U3rRsHapFfHvQFoFB92e52xeyGMcX6/OlIl78je1u8vePzYZSkkogMPJ2yjxxsb89cxyw==",
            "license": "MIT"
        },
        "node_modules/lossless-json": {
            "version": "4.1.1",
            "resolved": "https://registry.npmjs.org/lossless-json/-/lossless-json-4.1.1.tgz",
            "integrity": "sha512-HusN80C0ohtT9kOHQH7EuUaqzRQsnekpa+2ot8OzvW0iC08dq/YtM/7uKwwajldQsCrHyC8q9fz3t3L+TmDltA==",
            "license": "MIT"
        }
    }
}
