{
    "name": "examples-utils-typescript",
    "lockfileVersion": 3,
    "requires": true,
    "packages": {
        "": {
            "name": "examples-utils-typescript",
            "dependencies": {
                "@minvws/mgo-utils": "^0.1.1-8"
            },
            "devDependencies": {
                "typescript": "^5.4.5"
            }
        },
        "node_modules/@minvws/mgo-utils": {
            "version": "0.1.1-8",
            "resolved": "https://npm.pkg.github.com/download/@minvws/mgo-utils/0.1.1-8/d937bf924989ec9555ea92a634ce676d8d593046",
            "integrity": "sha512-MazTRVw95RjXoY9cnU8Fiw9rnXODpnKbfoWQ0/xxJYD2I7iS14sZkgFL2U4Bx9b3iQqNceLbrPo2XfPdWzJnug==",
            "license": "EUPL-1.2",
            "dependencies": {
                "lodash-es": "^4.17.21",
                "lossless-json": "^4.0.1"
            }
        },
        "node_modules/lodash-es": {
            "version": "4.17.21",
            "resolved": "https://registry.npmjs.org/lodash-es/-/lodash-es-4.17.21.tgz",
            "integrity": "sha512-mKnC+QJ9pWVzv+C4/U3rRsHapFfHvQFoFB92e52xeyGMcX6/OlIl78je1u8vePzYZSkkogMPJ2yjxxsb89cxyw==",
            "license": "MIT"
        },
        "node_modules/lossless-json": {
            "version": "4.1.1",
            "resolved": "https://registry.npmjs.org/lossless-json/-/lossless-json-4.1.1.tgz",
            "integrity": "sha512-HusN80C0ohtT9kOHQH7EuUaqzRQsnekpa+2ot8OzvW0iC08dq/YtM/7uKwwajldQsCrHyC8q9fz3t3L+TmDltA==",
            "license": "MIT"
        },
        "node_modules/typescript": {
            "version": "5.8.3",
            "resolved": "https://registry.npmjs.org/typescript/-/typescript-5.8.3.tgz",
            "integrity": "sha512-p1diW6TqL9L07nNxvRMM7hMMw4c5XOo/1ibL4aAIGmSAt9slTE1Xgw5KWuof2uTOvCg9BY7ZRi+GaF+7sfgPeQ==",
            "dev": true,
            "license": "Apache-2.0",
            "bin": {
                "tsc": "bin/tsc",
                "tsserver": "bin/tsserver"
            },
            "engines": {
                "node": ">=14.17"
            }
        }
    }
}
