{
    "name": "examples-utils-typescript",
    "lockfileVersion": 3,
    "requires": true,
    "packages": {
        "": {
            "name": "examples-utils-typescript",
            "dependencies": {
                "@minvws/mgo-fhir": "^0.1.1-5"
            },
            "devDependencies": {
                "typescript": "^5.4.5"
            }
        },
        "node_modules/@minvws/mgo-fhir": {
            "version": "0.1.1-5",
            "resolved": "https://npm.pkg.github.com/download/@minvws/mgo-fhir/0.1.1-5/0197e7e94f69c1e82cf77e3c233f34d435bebb02",
            "integrity": "sha512-TL62jWKetM4O/ERQ71PXiObCqhi3Uv3A2w4DwPSQ2/qfXZutmop8vx+Yf6dbljZglnz6kr2fgnZqbWht4mdZCA==",
            "license": "EUPL-1.2",
            "dependencies": {
                "@minvws/mgo-utils": "0.1.1-8",
                "@types/fhir": "^0.0.41",
                "type-fest": "^4.23.0"
            }
        },
        "node_modules/@minvws/mgo-utils": {
            "version": "0.1.1-8",
            "resolved": "https://npm.pkg.github.com/download/@minvws/mgo-utils/0.1.1-8/d937bf924989ec9555ea92a634ce676d8d593046",
            "integrity": "sha512-MazTRVw95RjXoY9cnU8Fiw9rnXODpnKbfoWQ0/xxJYD2I7iS14sZkgFL2U4Bx9b3iQqNceLbrPo2XfPdWzJnug==",
            "license": "EUPL-1.2",
            "dependencies": {
                "lodash-es": "^4.17.21",
                "lossless-json": "^4.0.1"
            }
        },
        "node_modules/@types/fhir": {
            "version": "0.0.41",
            "resolved": "https://registry.npmjs.org/@types/fhir/-/fhir-0.0.41.tgz",
            "integrity": "sha512-MAQAFufNZBZ6V0F94Nhknmmh/E3iMXFK4n/L8RkSNjKtOJnvaAJERivNOj35VVx9VCQBJbE0BHSzikfBahoRhA==",
            "license": "MIT"
        },
        "node_modules/lodash-es": {
            "version": "4.17.21",
            "resolved": "https://registry.npmjs.org/lodash-es/-/lodash-es-4.17.21.tgz",
            "integrity": "sha512-mKnC+QJ9pWVzv+C4/U3rRsHapFfHvQFoFB92e52xeyGMcX6/OlIl78je1u8vePzYZSkkogMPJ2yjxxsb89cxyw==",
            "license": "MIT"
        },
        "node_modules/lossless-json": {
            "version": "4.1.1",
            "resolved": "https://registry.npmjs.org/lossless-json/-/lossless-json-4.1.1.tgz",
            "integrity": "sha512-HusN80C0ohtT9kOHQH7EuUaqzRQsnekpa+2ot8OzvW0iC08dq/YtM/7uKwwajldQsCrHyC8q9fz3t3L+TmDltA==",
            "license": "MIT"
        },
        "node_modules/type-fest": {
            "version": "4.41.0",
            "resolved": "https://registry.npmjs.org/type-fest/-/type-fest-4.41.0.tgz",
            "integrity": "sha512-TeTSQ6H5YHvpqVwBRcnLDCBnDOHWYu7IvGbHT6N8AOymcr9PJGjc1GTtiWZTYg0NCgYwvnYWEkVChQAr9bjfwA==",
            "license": "(MIT OR CC0-1.0)",
            "engines": {
                "node": ">=16"
            },
            "funding": {
                "url": "https://github.com/sponsors/sindresorhus"
            }
        },
        "node_modules/typescript": {
            "version": "5.8.3",
            "resolved": "https://registry.npmjs.org/typescript/-/typescript-5.8.3.tgz",
            "integrity": "sha512-p1diW6TqL9L07nNxvRMM7hMMw4c5XOo/1ibL4aAIGmSAt9slTE1Xgw5KWuof2uTOvCg9BY7ZRi+GaF+7sfgPeQ==",
            "dev": true,
            "license": "Apache-2.0",
            "bin": {
                "tsc": "bin/tsc",
                "tsserver": "bin/tsserver"
            },
            "engines": {
                "node": ">=14.17"
            }
        }
    }
}
