{
    "name": "examples-utils-typescript",
    "lockfileVersion": 3,
    "requires": true,
    "packages": {
        "": {
            "name": "examples-utils-typescript",
            "dependencies": {
                "@minvws/mgo-fhir": "^0.1.1-4"
            },
            "devDependencies": {
                "typescript": "^5.4.5"
            }
        },
        "node_modules/@minvws/mgo-fhir": {
            "version": "0.1.1-4",
            "resolved": "https://npm.pkg.github.com/download/@minvws/mgo-fhir/0.1.1-4/fbfd519118a548decdb602c1e24e831126415096",
            "integrity": "sha512-/Fb6odpvx1HmuxsuYVkjX6usMd7P+6YHj9Gw2LNq/YHxv46Sl3VvNkZbvodpaJzMr+bkUZwpWRhfzJVYoSj66Q==",
            "license": "EUPL-1.2",
            "dependencies": {
                "@minvws/mgo-utils": "0.1.1-7",
                "type-fest": "^4.23.0"
            }
        },
        "node_modules/@minvws/mgo-utils": {
            "version": "0.1.1-7",
            "resolved": "https://npm.pkg.github.com/download/@minvws/mgo-utils/0.1.1-7/96e939b1ee8b3607209c42336e85c859af07f957",
            "integrity": "sha512-OHMo1K/syHSs1nvZFyCj1kdrMTZ4wISHPRHKQHsknTRMkNQ8mYKmdRt3Xguf0F9/qy4g50a55oyoTrqiw8EnWw==",
            "license": "EUPL-1.2",
            "dependencies": {
                "lodash-es": "^4.17.21",
                "lossless-json": "^4.0.1"
            }
        },
        "node_modules/lodash-es": {
            "version": "4.17.21",
            "resolved": "https://registry.npmjs.org/lodash-es/-/lodash-es-4.17.21.tgz",
            "integrity": "sha512-mKnC+QJ9pWVzv+C4/U3rRsHapFfHvQFoFB92e52xeyGMcX6/OlIl78je1u8vePzYZSkkogMPJ2yjxxsb89cxyw==",
            "license": "MIT"
        },
        "node_modules/lossless-json": {
            "version": "4.1.1",
            "resolved": "https://registry.npmjs.org/lossless-json/-/lossless-json-4.1.1.tgz",
            "integrity": "sha512-HusN80C0ohtT9kOHQH7EuUaqzRQsnekpa+2ot8OzvW0iC08dq/YtM/7uKwwajldQsCrHyC8q9fz3t3L+TmDltA==",
            "license": "MIT"
        },
        "node_modules/type-fest": {
            "version": "4.41.0",
            "resolved": "https://registry.npmjs.org/type-fest/-/type-fest-4.41.0.tgz",
            "integrity": "sha512-TeTSQ6H5YHvpqVwBRcnLDCBnDOHWYu7IvGbHT6N8AOymcr9PJGjc1GTtiWZTYg0NCgYwvnYWEkVChQAr9bjfwA==",
            "license": "(MIT OR CC0-1.0)",
            "engines": {
                "node": ">=16"
            },
            "funding": {
                "url": "https://github.com/sponsors/sindresorhus"
            }
        },
        "node_modules/typescript": {
            "version": "5.8.3",
            "resolved": "https://registry.npmjs.org/typescript/-/typescript-5.8.3.tgz",
            "integrity": "sha512-p1diW6TqL9L07nNxvRMM7hMMw4c5XOo/1ibL4aAIGmSAt9slTE1Xgw5KWuof2uTOvCg9BY7ZRi+GaF+7sfgPeQ==",
            "dev": true,
            "license": "Apache-2.0",
            "bin": {
                "tsc": "bin/tsc",
                "tsserver": "bin/tsserver"
            },
            "engines": {
                "node": ">=14.17"
            }
        }
    }
}
