{
    "name": "examples-fhir-node",
    "lockfileVersion": 3,
    "requires": true,
    "packages": {
        "": {
            "name": "examples-fhir-node",
            "dependencies": {
                "@minvws/mgo-fhir": "^0.1.1-0"
            }
        },
        "node_modules/@minvws/mgo-fhir": {
            "version": "0.1.1-0",
            "resolved": "https://npm.pkg.github.com/download/@minvws/mgo-fhir/0.1.1-0/bf199f15b8dfd12d71acda2a5cc647fd9f74756c",
            "integrity": "sha512-mj616ZWbMPq4yvh4XIB5pXvOywAZTSlJ5pc6rDAxhAcdee5CZBAeiUsxl8OuM4eXIYGX05a4aOALcj2/Yr47Kw==",
            "license": "EUPL-1.2",
            "dependencies": {
                "@minvws/mgo-utils": "0.1.1-3"
            }
        },
        "node_modules/@minvws/mgo-utils": {
            "version": "0.1.1-3",
            "resolved": "https://npm.pkg.github.com/download/@minvws/mgo-utils/0.1.1-3/165c5e8d36fc86fa26adad21abedc2436ae45151",
            "integrity": "sha512-oNFkFBEMNEuujogolNLsUPr9h/gFA8wyqJ2t8K6dr2B16eAuh5BNYBkaa4KZ4ShCwbamcu4h4fxN7OEnjoHwZA==",
            "license": "EUPL-1.2",
            "dependencies": {
                "lodash-es": "^4.17.21",
                "lossless-json": "^4.0.1"
            }
        },
        "node_modules/lodash-es": {
            "version": "4.17.21",
            "resolved": "https://registry.npmjs.org/lodash-es/-/lodash-es-4.17.21.tgz",
            "integrity": "sha512-mKnC+QJ9pWVzv+C4/U3rRsHapFfHvQFoFB92e52xeyGMcX6/OlIl78je1u8vePzYZSkkogMPJ2yjxxsb89cxyw==",
            "license": "MIT"
        },
        "node_modules/lossless-json": {
            "version": "4.1.1",
            "resolved": "https://registry.npmjs.org/lossless-json/-/lossless-json-4.1.1.tgz",
            "integrity": "sha512-HusN80C0ohtT9kOHQH7EuUaqzRQsnekpa+2ot8OzvW0iC08dq/YtM/7uKwwajldQsCrHyC8q9fz3t3L+TmDltA==",
            "license": "MIT"
        }
    }
}
